// !$*UTF8*$!
{
	archiveVersion = 1;
	classes = {
	};
	objectVersion = 56;
	objects = {

/* Begin PBXBuildFile section */
		2CEC16AF2AEF57CE00CA4F3D /* AppetizersApp.swift in Sources */ = {isa = PBXBuildFile; fileRef = 2CEC16AE2AEF57CE00CA4F3D /* AppetizersApp.swift */; };
		2CEC16B12AEF57CE00CA4F3D /* AppetizerTabView.swift in Sources */ = {isa = PBXBuildFile; fileRef = 2CEC16B02AEF57CE00CA4F3D /* AppetizerTabView.swift */; };
		2CEC16B32AEF57D000CA4F3D /* Assets.xcassets in Resources */ = {isa = PBXBuildFile; fileRef = 2CEC16B22AEF57D000CA4F3D /* Assets.xcassets */; };
		2CEC16B62AEF57D000CA4F3D /* Preview Assets.xcassets in Resources */ = {isa = PBXBuildFile; fileRef = 2CEC16B52AEF57D000CA4F3D /* Preview Assets.xcassets */; };
		2CEC16BD2AEF580D00CA4F3D /* AppetizerListView.swift in Sources */ = {isa = PBXBuildFile; fileRef = 2CEC16BC2AEF580D00CA4F3D /* AppetizerListView.swift */; };
		2CEC16BF2AEF581300CA4F3D /* AccountView.swift in Sources */ = {isa = PBXBuildFile; fileRef = 2CEC16BE2AEF581300CA4F3D /* AccountView.swift */; };
		2CEC16C12AEF581700CA4F3D /* OrderView.swift in Sources */ = {isa = PBXBuildFile; fileRef = 2CEC16C02AEF581700CA4F3D /* OrderView.swift */; };
		2CEC16C52AEF63E600CA4F3D /* Appetizer.swift in Sources */ = {isa = PBXBuildFile; fileRef = 2CEC16C42AEF63E600CA4F3D /* Appetizer.swift */; };
		2CEC16C72AEF7CC600CA4F3D /* AppetizerListItem.swift in Sources */ = {isa = PBXBuildFile; fileRef = 2CEC16C62AEF7CC600CA4F3D /* AppetizerListItem.swift */; };
		2CEC16CE2AEF841400CA4F3D /* NetworkManager.swift in Sources */ = {isa = PBXBuildFile; fileRef = 2CEC16CD2AEF841400CA4F3D /* NetworkManager.swift */; };
		2CEC16D02AEF84FE00CA4F3D /* APError.swift in Sources */ = {isa = PBXBuildFile; fileRef = 2CEC16CF2AEF84FE00CA4F3D /* APError.swift */; };
		2CEC16D32AF039A800CA4F3D /* AppetizerListViewModel.swift in Sources */ = {isa = PBXBuildFile; fileRef = 2CEC16D22AF039A800CA4F3D /* AppetizerListViewModel.swift */; };
		2CEC16D52AF1CE2300CA4F3D /* Alert.swift in Sources */ = {isa = PBXBuildFile; fileRef = 2CEC16D42AF1CE2300CA4F3D /* Alert.swift */; };
/* End PBXBuildFile section */

/* Begin PBXFileReference section */
		2CEC16AB2AEF57CE00CA4F3D /* Appetizers.app */ = {isa = PBXFileReference; explicitFileType = wrapper.application; includeInIndex = 0; path = Appetizers.app; sourceTree = BUILT_PRODUCTS_DIR; };
		2CEC16AE2AEF57CE00CA4F3D /* AppetizersApp.swift */ = {isa = PBXFileReference; lastKnownFileType = sourcecode.swift; path = AppetizersApp.swift; sourceTree = "<group>"; };
		2CEC16B02AEF57CE00CA4F3D /* AppetizerTabView.swift */ = {isa = PBXFileReference; lastKnownFileType = sourcecode.swift; path = AppetizerTabView.swift; sourceTree = "<group>"; };
		2CEC16B22AEF57D000CA4F3D /* Assets.xcassets */ = {isa = PBXFileReference; lastKnownFileType = folder.assetcatalog; path = Assets.xcassets; sourceTree = "<group>"; };
		2CEC16B52AEF57D000CA4F3D /* Preview Assets.xcassets */ = {isa = PBXFileReference; lastKnownFileType = folder.assetcatalog; path = "Preview Assets.xcassets"; sourceTree = "<group>"; };
		2CEC16BC2AEF580D00CA4F3D /* AppetizerListView.swift */ = {isa = PBXFileReference; lastKnownFileType = sourcecode.swift; path = AppetizerListView.swift; sourceTree = "<group>"; };
		2CEC16BE2AEF581300CA4F3D /* AccountView.swift */ = {isa = PBXFileReference; lastKnownFileType = sourcecode.swift; path = AccountView.swift; sourceTree = "<group>"; };
		2CEC16C02AEF581700CA4F3D /* OrderView.swift */ = {isa = PBXFileReference; lastKnownFileType = sourcecode.swift; path = OrderView.swift; sourceTree = "<group>"; };
		2CEC16C42AEF63E600CA4F3D /* Appetizer.swift */ = {isa = PBXFileReference; lastKnownFileType = sourcecode.swift; path = Appetizer.swift; sourceTree = "<group>"; };
		2CEC16C62AEF7CC600CA4F3D /* AppetizerListItem.swift */ = {isa = PBXFileReference; lastKnownFileType = sourcecode.swift; path = AppetizerListItem.swift; sourceTree = "<group>"; };
		2CEC16CD2AEF841400CA4F3D /* NetworkManager.swift */ = {isa = PBXFileReference; lastKnownFileType = sourcecode.swift; path = NetworkManager.swift; sourceTree = "<group>"; };
		2CEC16CF2AEF84FE00CA4F3D /* APError.swift */ = {isa = PBXFileReference; lastKnownFileType = sourcecode.swift; path = APError.swift; sourceTree = "<group>"; };
		2CEC16D22AF039A800CA4F3D /* AppetizerListViewModel.swift */ = {isa = PBXFileReference; lastKnownFileType = sourcecode.swift; path = AppetizerListViewModel.swift; sourceTree = "<group>"; };
		2CEC16D42AF1CE2300CA4F3D /* Alert.swift */ = {isa = PBXFileReference; lastKnownFileType = sourcecode.swift; path = Alert.swift; sourceTree = "<group>"; };
/* End PBXFileReference section */

/* Begin PBXFrameworksBuildPhase section */
		2CEC16A82AEF57CE00CA4F3D /* Frameworks */ = {
			isa = PBXFrameworksBuildPhase;
			buildActionMask = 2147483647;
			files = (
			);
			runOnlyForDeploymentPostprocessing = 0;
		};
/* End PBXFrameworksBuildPhase section */

/* Begin PBXGroup section */
		2CEC16A22AEF57CE00CA4F3D = {
			isa = PBXGroup;
			children = (
				2CEC16AD2AEF57CE00CA4F3D /* Appetizers */,
				2CEC16AC2AEF57CE00CA4F3D /* Products */,
			);
			sourceTree = "<group>";
		};
		2CEC16AC2AEF57CE00CA4F3D /* Products */ = {
			isa = PBXGroup;
			children = (
				2CEC16AB2AEF57CE00CA4F3D /* Appetizers.app */,
			);
			name = Products;
			sourceTree = "<group>";
		};
		2CEC16AD2AEF57CE00CA4F3D /* Appetizers */ = {
			isa = PBXGroup;
			children = (
				2CEC16CC2AEF83E800CA4F3D /* Utilities */,
				2CEC16AE2AEF57CE00CA4F3D /* AppetizersApp.swift */,
				2CEC16B02AEF57CE00CA4F3D /* AppetizerTabView.swift */,
				2CEC16C82AEF7E8E00CA4F3D /* Model */,
				2CEC16C32AEF582500CA4F3D /* Screens */,
				2CEC16C22AEF581F00CA4F3D /* Views */,
				2CEC16B22AEF57D000CA4F3D /* Assets.xcassets */,
				2CEC16B42AEF57D000CA4F3D /* Preview Content */,
			);
			path = Appetizers;
			sourceTree = "<group>";
		};
		2CEC16B42AEF57D000CA4F3D /* Preview Content */ = {
			isa = PBXGroup;
			children = (
				2CEC16B52AEF57D000CA4F3D /* Preview Assets.xcassets */,
			);
			path = "Preview Content";
			sourceTree = "<group>";
		};
		2CEC16C22AEF581F00CA4F3D /* Views */ = {
			isa = PBXGroup;
			children = (
				2CEC16C62AEF7CC600CA4F3D /* AppetizerListItem.swift */,
			);
			path = Views;
			sourceTree = "<group>";
		};
		2CEC16C32AEF582500CA4F3D /* Screens */ = {
			isa = PBXGroup;
			children = (
				2CEC16CB2AEF7EFC00CA4F3D /* Order */,
				2CEC16CA2AEF7EF600CA4F3D /* Account */,
				2CEC16C92AEF7EDF00CA4F3D /* Home */,
			);
			path = Screens;
			sourceTree = "<group>";
		};
		2CEC16C82AEF7E8E00CA4F3D /* Model */ = {
			isa = PBXGroup;
			children = (
				2CEC16C42AEF63E600CA4F3D /* Appetizer.swift */,
			);
			path = Model;
			sourceTree = "<group>";
		};
		2CEC16C92AEF7EDF00CA4F3D /* Home */ = {
			isa = PBXGroup;
			children = (
				2CEC16D12AF0399700CA4F3D /* AppetizerListView */,
			);
			path = Home;
			sourceTree = "<group>";
		};
		2CEC16CA2AEF7EF600CA4F3D /* Account */ = {
			isa = PBXGroup;
			children = (
				2CEC16BE2AEF581300CA4F3D /* AccountView.swift */,
			);
			path = Account;
			sourceTree = "<group>";
		};
		2CEC16CB2AEF7EFC00CA4F3D /* Order */ = {
			isa = PBXGroup;
			children = (
				2CEC16C02AEF581700CA4F3D /* OrderView.swift */,
			);
			path = Order;
			sourceTree = "<group>";
		};
		2CEC16CC2AEF83E800CA4F3D /* Utilities */ = {
			isa = PBXGroup;
			children = (
				2CEC16D42AF1CE2300CA4F3D /* Alert.swift */,
				2CEC16CD2AEF841400CA4F3D /* NetworkManager.swift */,
				2CEC16CF2AEF84FE00CA4F3D /* APError.swift */,
			);
			path = Utilities;
			sourceTree = "<group>";
		};
		2CEC16D12AF0399700CA4F3D /* AppetizerListView */ = {
			isa = PBXGroup;
			children = (
				2CEC16BC2AEF580D00CA4F3D /* AppetizerListView.swift */,
				2CEC16D22AF039A800CA4F3D /* AppetizerListViewModel.swift */,
			);
			path = AppetizerListView;
			sourceTree = "<group>";
		};
/* End PBXGroup section */

/* Begin PBXNativeTarget section */
		2CEC16AA2AEF57CE00CA4F3D /* Appetizers */ = {
			isa = PBXNativeTarget;
			buildConfigurationList = 2CEC16B92AEF57D000CA4F3D /* Build configuration list for PBXNativeTarget "Appetizers" */;
			buildPhases = (
				2CEC16A72AEF57CE00CA4F3D /* Sources */,
				2CEC16A82AEF57CE00CA4F3D /* Frameworks */,
				2CEC16A92AEF57CE00CA4F3D /* Resources */,
			);
			buildRules = (
			);
			dependencies = (
			);
			name = Appetizers;
			productName = Appetizers;
			productReference = 2CEC16AB2AEF57CE00CA4F3D /* Appetizers.app */;
			productType = "com.apple.product-type.application";
		};
/* End PBXNativeTarget section */

/* Begin PBXProject section */
		2CEC16A32AEF57CE00CA4F3D /* Project object */ = {
			isa = PBXProject;
			attributes = {
				BuildIndependentTargetsInParallel = 1;
				LastSwiftUpdateCheck = 1500;
				LastUpgradeCheck = 1500;
				TargetAttributes = {
					2CEC16AA2AEF57CE00CA4F3D = {
						CreatedOnToolsVersion = 15.0;
					};
				};
			};
			buildConfigurationList = 2CEC16A62AEF57CE00CA4F3D /* Build configuration list for PBXProject "Appetizers" */;
			compatibilityVersion = "Xcode 14.0";
			developmentRegion = en;
			hasScannedForEncodings = 0;
			knownRegions = (
				en,
				Base,
			);
			mainGroup = 2CEC16A22AEF57CE00CA4F3D;
			productRefGroup = 2CEC16AC2AEF57CE00CA4F3D /* Products */;
			projectDirPath = "";
			projectRoot = "";
			targets = (
				2CEC16AA2AEF57CE00CA4F3D /* Appetizers */,
			);
		};
/* End PBXProject section */

/* Begin PBXResourcesBuildPhase section */
		2CEC16A92AEF57CE00CA4F3D /* Resources */ = {
			isa = PBXResourcesBuildPhase;
			buildActionMask = 2147483647;
			files = (
				2CEC16B62AEF57D000CA4F3D /* Preview Assets.xcassets in Resources */,
				2CEC16B32AEF57D000CA4F3D /* Assets.xcassets in Resources */,
			);
			runOnlyForDeploymentPostprocessing = 0;
		};
/* End PBXResourcesBuildPhase section */

/* Begin PBXSourcesBuildPhase section */
		2CEC16A72AEF57CE00CA4F3D /* Sources */ = {
			isa = PBXSourcesBuildPhase;
			buildActionMask = 2147483647;
			files = (
				2CEC16C52AEF63E600CA4F3D /* Appetizer.swift in Sources */,
				2CEC16D02AEF84FE00CA4F3D /* APError.swift in Sources */,
				2CEC16BF2AEF581300CA4F3D /* AccountView.swift in Sources */,
				2CEC16D32AF039A800CA4F3D /* AppetizerListViewModel.swift in Sources */,
				2CEC16B12AEF57CE00CA4F3D /* AppetizerTabView.swift in Sources */,
				2CEC16C72AEF7CC600CA4F3D /* AppetizerListItem.swift in Sources */,
				2CEC16CE2AEF841400CA4F3D /* NetworkManager.swift in Sources */,
				2CEC16AF2AEF57CE00CA4F3D /* AppetizersApp.swift in Sources */,
				2CEC16D52AF1CE2300CA4F3D /* Alert.swift in Sources */,
				2CEC16BD2AEF580D00CA4F3D /* AppetizerListView.swift in Sources */,
				2CEC16C12AEF581700CA4F3D /* OrderView.swift in Sources */,
			);
			runOnlyForDeploymentPostprocessing = 0;
		};
/* End PBXSourcesBuildPhase section */

/* Begin XCBuildConfiguration section */
		2CEC16B72AEF57D000CA4F3D /* Debug */ = {
			isa = XCBuildConfiguration;
			buildSettings = {
				ALWAYS_SEARCH_USER_PATHS = NO;
				ASSETCATALOG_COMPILER_GENERATE_SWIFT_ASSET_SYMBOL_EXTENSIONS = YES;
				CLANG_ANALYZER_NONNULL = YES;
				CLANG_ANALYZER_NUMBER_OBJECT_CONVERSION = YES_AGGRESSIVE;
				CLANG_CXX_LANGUAGE_STANDARD = "gnu++20";
				CLANG_ENABLE_MODULES = YES;
				CLANG_ENABLE_OBJC_ARC = YES;
				CLANG_ENABLE_OBJC_WEAK = YES;
				CLANG_WARN_BLOCK_CAPTURE_AUTORELEASING = YES;
				CLANG_WARN_BOOL_CONVERSION = YES;
				CLANG_WARN_COMMA = YES;
				CLANG_WARN_CONSTANT_CONVERSION = YES;
				CLANG_WARN_DEPRECATED_OBJC_IMPLEMENTATIONS = YES;
				CLANG_WARN_DIRECT_OBJC_ISA_USAGE = YES_ERROR;
				CLANG_WARN_DOCUMENTATION_COMMENTS = YES;
				CLANG_WARN_EMPTY_BODY = YES;
				CLANG_WARN_ENUM_CONVERSION = YES;
				CLANG_WARN_INFINITE_RECURSION = YES;
				CLANG_WARN_INT_CONVERSION = YES;
				CLANG_WARN_NON_LITERAL_NULL_CONVERSION = YES;
				CLANG_WARN_OBJC_IMPLICIT_RETAIN_SELF = YES;
				CLANG_WARN_OBJC_LITERAL_CONVERSION = YES;
				CLANG_WARN_OBJC_ROOT_CLASS = YES_ERROR;
				CLANG_WARN_QUOTED_INCLUDE_IN_FRAMEWORK_HEADER = YES;
				CLANG_WARN_RANGE_LOOP_ANALYSIS = YES;
				CLANG_WARN_STRICT_PROTOTYPES = YES;
				CLANG_WARN_SUSPICIOUS_MOVE = YES;
				CLANG_WARN_UNGUARDED_AVAILABILITY = YES_AGGRESSIVE;
				CLANG_WARN_UNREACHABLE_CODE = YES;
				CLANG_WARN__DUPLICATE_METHOD_MATCH = YES;
				COPY_PHASE_STRIP = NO;
				DEBUG_INFORMATION_FORMAT = dwarf;
				ENABLE_STRICT_OBJC_MSGSEND = YES;
				ENABLE_TESTABILITY = YES;
				ENABLE_USER_SCRIPT_SANDBOXING = YES;
				GCC_C_LANGUAGE_STANDARD = gnu17;
				GCC_DYNAMIC_NO_PIC = NO;
				GCC_NO_COMMON_BLOCKS = YES;
				GCC_OPTIMIZATION_LEVEL = 0;
				GCC_PREPROCESSOR_DEFINITIONS = (
					"DEBUG=1",
					"$(inherited)",
				);
				GCC_WARN_64_TO_32_BIT_CONVERSION = YES;
				GCC_WARN_ABOUT_RETURN_TYPE = YES_ERROR;
				GCC_WARN_UNDECLARED_SELECTOR = YES;
				GCC_WARN_UNINITIALIZED_AUTOS = YES_AGGRESSIVE;
				GCC_WARN_UNUSED_FUNCTION = YES;
				GCC_WARN_UNUSED_VARIABLE = YES;
				IPHONEOS_DEPLOYMENT_TARGET = 17.0;
				LOCALIZATION_PREFERS_STRING_CATALOGS = YES;
				MTL_ENABLE_DEBUG_INFO = INCLUDE_SOURCE;
				MTL_FAST_MATH = YES;
				ONLY_ACTIVE_ARCH = YES;
				SDKROOT = iphoneos;
				SWIFT_ACTIVE_COMPILATION_CONDITIONS = "DEBUG $(inherited)";
				SWIFT_OPTIMIZATION_LEVEL = "-Onone";
			};
			name = Debug;
		};
		2CEC16B82AEF57D000CA4F3D /* Release */ = {
			isa = XCBuildConfiguration;
			buildSettings = {
				ALWAYS_SEARCH_USER_PATHS = NO;
				ASSETCATALOG_COMPILER_GENERATE_SWIFT_ASSET_SYMBOL_EXTENSIONS = YES;
				CLANG_ANALYZER_NONNULL = YES;
				CLANG_ANALYZER_NUMBER_OBJECT_CONVERSION = YES_AGGRESSIVE;
				CLANG_CXX_LANGUAGE_STANDARD = "gnu++20";
				CLANG_ENABLE_MODULES = YES;
				CLANG_ENABLE_OBJC_ARC = YES;
				CLANG_ENABLE_OBJC_WEAK = YES;
				CLANG_WARN_BLOCK_CAPTURE_AUTORELEASING = YES;
				CLANG_WARN_BOOL_CONVERSION = YES;
				CLANG_WARN_COMMA = YES;
				CLANG_WARN_CONSTANT_CONVERSION = YES;
				CLANG_WARN_DEPRECATED_OBJC_IMPLEMENTATIONS = YES;
				CLANG_WARN_DIRECT_OBJC_ISA_USAGE = YES_ERROR;
				CLANG_WARN_DOCUMENTATION_COMMENTS = YES;
				CLANG_WARN_EMPTY_BODY = YES;
				CLANG_WARN_ENUM_CONVERSION = YES;
				CLANG_WARN_INFINITE_RECURSION = YES;
				CLANG_WARN_INT_CONVERSION = YES;
				CLANG_WARN_NON_LITERAL_NULL_CONVERSION = YES;
				CLANG_WARN_OBJC_IMPLICIT_RETAIN_SELF = YES;
				CLANG_WARN_OBJC_LITERAL_CONVERSION = YES;
				CLANG_WARN_OBJC_ROOT_CLASS = YES_ERROR;
				CLANG_WARN_QUOTED_INCLUDE_IN_FRAMEWORK_HEADER = YES;
				CLANG_WARN_RANGE_LOOP_ANALYSIS = YES;
				CLANG_WARN_STRICT_PROTOTYPES = YES;
				CLANG_WARN_SUSPICIOUS_MOVE = YES;
				CLANG_WARN_UNGUARDED_AVAILABILITY = YES_AGGRESSIVE;
				CLANG_WARN_UNREACHABLE_CODE = YES;
				CLANG_WARN__DUPLICATE_METHOD_MATCH = YES;
				COPY_PHASE_STRIP = NO;
				DEBUG_INFORMATION_FORMAT = "dwarf-with-dsym";
				ENABLE_NS_ASSERTIONS = NO;
				ENABLE_STRICT_OBJC_MSGSEND = YES;
				ENABLE_USER_SCRIPT_SANDBOXING = YES;
				GCC_C_LANGUAGE_STANDARD = gnu17;
				GCC_NO_COMMON_BLOCKS = YES;
				GCC_WARN_64_TO_32_BIT_CONVERSION = YES;
				GCC_WARN_ABOUT_RETURN_TYPE = YES_ERROR;
				GCC_WARN_UNDECLARED_SELECTOR = YES;
				GCC_WARN_UNINITIALIZED_AUTOS = YES_AGGRESSIVE;
				GCC_WARN_UNUSED_FUNCTION = YES;
				GCC_WARN_UNUSED_VARIABLE = YES;
				IPHONEOS_DEPLOYMENT_TARGET = 17.0;
				LOCALIZATION_PREFERS_STRING_CATALOGS = YES;
				MTL_ENABLE_DEBUG_INFO = NO;
				MTL_FAST_MATH = YES;
				SDKROOT = iphoneos;
				SWIFT_COMPILATION_MODE = wholemodule;
				VALIDATE_PRODUCT = YES;
			};
			name = Release;
		};
		2CEC16BA2AEF57D000CA4F3D /* Debug */ = {
			isa = XCBuildConfiguration;
			buildSettings = {
				ASSETCATALOG_COMPILER_APPICON_NAME = AppIcon;
				ASSETCATALOG_COMPILER_GLOBAL_ACCENT_COLOR_NAME = AccentColor;
				CODE_SIGN_STYLE = Automatic;
				CURRENT_PROJECT_VERSION = 1;
				DEVELOPMENT_ASSET_PATHS = "\"Appetizers/Preview Content\"";
				DEVELOPMENT_TEAM = MPC7JG3E93;
				ENABLE_PREVIEWS = YES;
				GENERATE_INFOPLIST_FILE = YES;
				INFOPLIST_KEY_UIApplicationSceneManifest_Generation = YES;
				INFOPLIST_KEY_UIApplicationSupportsIndirectInputEvents = YES;
				INFOPLIST_KEY_UILaunchScreen_Generation = YES;
				INFOPLIST_KEY_UISupportedInterfaceOrientations_iPad = "UIInterfaceOrientationPortrait UIInterfaceOrientationPortraitUpsideDown UIInterfaceOrientationLandscapeLeft UIInterfaceOrientationLandscapeRight";
				INFOPLIST_KEY_UISupportedInterfaceOrientations_iPhone = "UIInterfaceOrientationPortrait UIInterfaceOrientationLandscapeLeft UIInterfaceOrientationLandscapeRight";
				LD_RUNPATH_SEARCH_PATHS = (
					"$(inherited)",
					"@executable_path/Frameworks",
				);
				MARKETING_VERSION = 1.0;
				PRODUCT_BUNDLE_IDENTIFIER = io.jumoke.Appetizers;
				PRODUCT_NAME = "$(TARGET_NAME)";
				SWIFT_EMIT_LOC_STRINGS = YES;
				SWIFT_VERSION = 5.0;
				TARGETED_DEVICE_FAMILY = "1,2";
			};
			name = Debug;
		};
		2CEC16BB2AEF57D000CA4F3D /* Release */ = {
			isa = XCBuildConfiguration;
			buildSettings = {
				ASSETCATALOG_COMPILER_APPICON_NAME = AppIcon;
				ASSETCATALOG_COMPILER_GLOBAL_ACCENT_COLOR_NAME = AccentColor;
				CODE_SIGN_STYLE = Automatic;
				CURRENT_PROJECT_VERSION = 1;
				DEVELOPMENT_ASSET_PATHS = "\"Appetizers/Preview Content\"";
				DEVELOPMENT_TEAM = MPC7JG3E93;
				ENABLE_PREVIEWS = YES;
				GENERATE_INFOPLIST_FILE = YES;
				INFOPLIST_KEY_UIApplicationSceneManifest_Generation = YES;
				INFOPLIST_KEY_UIApplicationSupportsIndirectInputEvents = YES;
				INFOPLIST_KEY_UILaunchScreen_Generation = YES;
				INFOPLIST_KEY_UISupportedInterfaceOrientations_iPad = "UIInterfaceOrientationPortrait UIInterfaceOrientationPortraitUpsideDown UIInterfaceOrientationLandscapeLeft UIInterfaceOrientationLandscapeRight";
				INFOPLIST_KEY_UISupportedInterfaceOrientations_iPhone = "UIInterfaceOrientationPortrait UIInterfaceOrientationLandscapeLeft UIInterfaceOrientationLandscapeRight";
				LD_RUNPATH_SEARCH_PATHS = (
					"$(inherited)",
					"@executable_path/Frameworks",
				);
				MARKETING_VERSION = 1.0;
				PRODUCT_BUNDLE_IDENTIFIER = io.jumoke.Appetizers;
				PRODUCT_NAME = "$(TARGET_NAME)";
				SWIFT_EMIT_LOC_STRINGS = YES;
				SWIFT_VERSION = 5.0;
				TARGETED_DEVICE_FAMILY = "1,2";
			};
			name = Release;
		};
/* End XCBuildConfiguration section */

/* Begin XCConfigurationList section */
		2CEC16A62AEF57CE00CA4F3D /* Build configuration list for PBXProject "Appetizers" */ = {
			isa = XCConfigurationList;
			buildConfigurations = (
				2CEC16B72AEF57D000CA4F3D /* Debug */,
				2CEC16B82AEF57D000CA4F3D /* Release */,
			);
			defaultConfigurationIsVisible = 0;
			defaultConfigurationName = Release;
		};
		2CEC16B92AEF57D000CA4F3D /* Build configuration list for PBXNativeTarget "Appetizers" */ = {
			isa = XCConfigurationList;
			buildConfigurations = (
				2CEC16BA2AEF57D000CA4F3D /* Debug */,
				2CEC16BB2AEF57D000CA4F3D /* Release */,
			);
			defaultConfigurationIsVisible = 0;
			defaultConfigurationName = Release;
		};
/* End XCConfigurationList section */
	};
	rootObject = 2CEC16A32AEF57CE00CA4F3D /* Project object */;
}
