// !$*UTF8*$!
{
	archiveVersion = 1;
	classes = {
	};
	objectVersion = 56;
	objects = {

/* Begin PBXBuildFile section */
		2CFB00782AEB1F50007517CE /* AppleFrameworksApp.swift in Sources */ = {isa = PBXBuildFile; fileRef = 2CFB00772AEB1F50007517CE /* AppleFrameworksApp.swift */; };
		2CFB007C2AEB1F52007517CE /* Assets.xcassets in Resources */ = {isa = PBXBuildFile; fileRef = 2CFB007B2AEB1F52007517CE /* Assets.xcassets */; };
		2CFB007F2AEB1F52007517CE /* Preview Assets.xcassets in Resources */ = {isa = PBXBuildFile; fileRef = 2CFB007E2AEB1F52007517CE /* Preview Assets.xcassets */; };
		2CFB00862AEB1FBB007517CE /* Framework.swift in Sources */ = {isa = PBXBuildFile; fileRef = 2CFB00852AEB1FBB007517CE /* Framework.swift */; };
		2CFB008A2AEB2149007517CE /* FrameworkGridView.swift in Sources */ = {isa = PBXBuildFile; fileRef = 2CFB00892AEB2149007517CE /* FrameworkGridView.swift */; };
		2CFB008C2AEB2876007517CE /* FrameworkDetailView.swift in Sources */ = {isa = PBXBuildFile; fileRef = 2CFB008B2AEB2876007517CE /* FrameworkDetailView.swift */; };
		2CFB008E2AEB28A0007517CE /* FrameworkTitleView.swift in Sources */ = {isa = PBXBuildFile; fileRef = 2CFB008D2AEB28A0007517CE /* FrameworkTitleView.swift */; };
		2CFB00902AEB3033007517CE /* AFButton.swift in Sources */ = {isa = PBXBuildFile; fileRef = 2CFB008F2AEB3033007517CE /* AFButton.swift */; };
		2CFB00962AEB3622007517CE /* FrameworkGridViewModel.swift in Sources */ = {isa = PBXBuildFile; fileRef = 2CFB00952AEB3622007517CE /* FrameworkGridViewModel.swift */; };
		2CFB00982AEB4B75007517CE /* SafariView.swift in Sources */ = {isa = PBXBuildFile; fileRef = 2CFB00972AEB4B75007517CE /* SafariView.swift */; };
		2CFB009A2AEB50F3007517CE /* XDismissButton.swift in Sources */ = {isa = PBXBuildFile; fileRef = 2CFB00992AEB50F3007517CE /* XDismissButton.swift */; };
		2CFB00A22AEB574E007517CE /* FrameworkListView.swift in Sources */ = {isa = PBXBuildFile; fileRef = 2CFB00A12AEB574E007517CE /* FrameworkListView.swift */; };
/* End PBXBuildFile section */

/* Begin PBXFileReference section */
		2CFB00742AEB1F50007517CE /* AppleFrameworks.app */ = {isa = PBXFileReference; explicitFileType = wrapper.application; includeInIndex = 0; path = AppleFrameworks.app; sourceTree = BUILT_PRODUCTS_DIR; };
		2CFB00772AEB1F50007517CE /* AppleFrameworksApp.swift */ = {isa = PBXFileReference; lastKnownFileType = sourcecode.swift; path = AppleFrameworksApp.swift; sourceTree = "<group>"; };
		2CFB007B2AEB1F52007517CE /* Assets.xcassets */ = {isa = PBXFileReference; lastKnownFileType = folder.assetcatalog; path = Assets.xcassets; sourceTree = "<group>"; };
		2CFB007E2AEB1F52007517CE /* Preview Assets.xcassets */ = {isa = PBXFileReference; lastKnownFileType = folder.assetcatalog; path = "Preview Assets.xcassets"; sourceTree = "<group>"; };
		2CFB00852AEB1FBB007517CE /* Framework.swift */ = {isa = PBXFileReference; lastKnownFileType = sourcecode.swift; path = Framework.swift; sourceTree = "<group>"; };
		2CFB00892AEB2149007517CE /* FrameworkGridView.swift */ = {isa = PBXFileReference; lastKnownFileType = sourcecode.swift; path = FrameworkGridView.swift; sourceTree = "<group>"; };
		2CFB008B2AEB2876007517CE /* FrameworkDetailView.swift */ = {isa = PBXFileReference; lastKnownFileType = sourcecode.swift; path = FrameworkDetailView.swift; sourceTree = "<group>"; };
		2CFB008D2AEB28A0007517CE /* FrameworkTitleView.swift */ = {isa = PBXFileReference; lastKnownFileType = sourcecode.swift; path = FrameworkTitleView.swift; sourceTree = "<group>"; };
		2CFB008F2AEB3033007517CE /* AFButton.swift */ = {isa = PBXFileReference; lastKnownFileType = sourcecode.swift; path = AFButton.swift; sourceTree = "<group>"; };
		2CFB00952AEB3622007517CE /* FrameworkGridViewModel.swift */ = {isa = PBXFileReference; lastKnownFileType = sourcecode.swift; path = FrameworkGridViewModel.swift; sourceTree = "<group>"; };
		2CFB00972AEB4B75007517CE /* SafariView.swift */ = {isa = PBXFileReference; lastKnownFileType = sourcecode.swift; path = SafariView.swift; sourceTree = "<group>"; };
		2CFB00992AEB50F3007517CE /* XDismissButton.swift */ = {isa = PBXFileReference; lastKnownFileType = sourcecode.swift; path = XDismissButton.swift; sourceTree = "<group>"; };
		2CFB00A12AEB574E007517CE /* FrameworkListView.swift */ = {isa = PBXFileReference; lastKnownFileType = sourcecode.swift; path = FrameworkListView.swift; sourceTree = "<group>"; };
/* End PBXFileReference section */

/* Begin PBXFrameworksBuildPhase section */
		2CFB00712AEB1F50007517CE /* Frameworks */ = {
			isa = PBXFrameworksBuildPhase;
			buildActionMask = 2147483647;
			files = (
			);
			runOnlyForDeploymentPostprocessing = 0;
		};
/* End PBXFrameworksBuildPhase section */

/* Begin PBXGroup section */
		2CFB006B2AEB1F50007517CE = {
			isa = PBXGroup;
			children = (
				2CFB00762AEB1F50007517CE /* AppleFrameworks */,
				2CFB00752AEB1F50007517CE /* Products */,
			);
			sourceTree = "<group>";
		};
		2CFB00752AEB1F50007517CE /* Products */ = {
			isa = PBXGroup;
			children = (
				2CFB00742AEB1F50007517CE /* AppleFrameworks.app */,
			);
			name = Products;
			sourceTree = "<group>";
		};
		2CFB00762AEB1F50007517CE /* AppleFrameworks */ = {
			isa = PBXGroup;
			children = (
				2CFB009F2AEB5390007517CE /* UIKit Components */,
				2CFB009B2AEB5309007517CE /* Screens */,
				2CFB00922AEB3570007517CE /* Views */,
				2CFB00912AEB3563007517CE /* Model */,
				2CFB00772AEB1F50007517CE /* AppleFrameworksApp.swift */,
				2CFB007B2AEB1F52007517CE /* Assets.xcassets */,
				2CFB007D2AEB1F52007517CE /* Preview Content */,
			);
			path = AppleFrameworks;
			sourceTree = "<group>";
		};
		2CFB007D2AEB1F52007517CE /* Preview Content */ = {
			isa = PBXGroup;
			children = (
				2CFB007E2AEB1F52007517CE /* Preview Assets.xcassets */,
			);
			path = "Preview Content";
			sourceTree = "<group>";
		};
		2CFB00912AEB3563007517CE /* Model */ = {
			isa = PBXGroup;
			children = (
				2CFB00852AEB1FBB007517CE /* Framework.swift */,
			);
			path = Model;
			sourceTree = "<group>";
		};
		2CFB00922AEB3570007517CE /* Views */ = {
			isa = PBXGroup;
			children = (
				2CFB009D2AEB535F007517CE /* View */,
				2CFB00942AEB35A0007517CE /* Buttons */,
			);
			path = Views;
			sourceTree = "<group>";
		};
		2CFB00942AEB35A0007517CE /* Buttons */ = {
			isa = PBXGroup;
			children = (
				2CFB00992AEB50F3007517CE /* XDismissButton.swift */,
				2CFB008F2AEB3033007517CE /* AFButton.swift */,
			);
			path = Buttons;
			sourceTree = "<group>";
		};
		2CFB009B2AEB5309007517CE /* Screens */ = {
			isa = PBXGroup;
			children = (
				2CFB00A02AEB572C007517CE /* FrameworkListView */,
				2CFB009E2AEB537B007517CE /* FrameworkDetailView */,
				2CFB009C2AEB5314007517CE /* FrameworkGridView */,
			);
			path = Screens;
			sourceTree = "<group>";
		};
		2CFB009C2AEB5314007517CE /* FrameworkGridView */ = {
			isa = PBXGroup;
			children = (
				2CFB00892AEB2149007517CE /* FrameworkGridView.swift */,
				2CFB00952AEB3622007517CE /* FrameworkGridViewModel.swift */,
			);
			path = FrameworkGridView;
			sourceTree = "<group>";
		};
		2CFB009D2AEB535F007517CE /* View */ = {
			isa = PBXGroup;
			children = (
				2CFB008D2AEB28A0007517CE /* FrameworkTitleView.swift */,
			);
			path = View;
			sourceTree = "<group>";
		};
		2CFB009E2AEB537B007517CE /* FrameworkDetailView */ = {
			isa = PBXGroup;
			children = (
				2CFB008B2AEB2876007517CE /* FrameworkDetailView.swift */,
			);
			path = FrameworkDetailView;
			sourceTree = "<group>";
		};
		2CFB009F2AEB5390007517CE /* UIKit Components */ = {
			isa = PBXGroup;
			children = (
				2CFB00972AEB4B75007517CE /* SafariView.swift */,
			);
			path = "UIKit Components";
			sourceTree = "<group>";
		};
		2CFB00A02AEB572C007517CE /* FrameworkListView */ = {
			isa = PBXGroup;
			children = (
				2CFB00A12AEB574E007517CE /* FrameworkListView.swift */,
			);
			path = FrameworkListView;
			sourceTree = "<group>";
		};
/* End PBXGroup section */

/* Begin PBXNativeTarget section */
		2CFB00732AEB1F50007517CE /* AppleFrameworks */ = {
			isa = PBXNativeTarget;
			buildConfigurationList = 2CFB00822AEB1F52007517CE /* Build configuration list for PBXNativeTarget "AppleFrameworks" */;
			buildPhases = (
				2CFB00702AEB1F50007517CE /* Sources */,
				2CFB00712AEB1F50007517CE /* Frameworks */,
				2CFB00722AEB1F50007517CE /* Resources */,
			);
			buildRules = (
			);
			dependencies = (
			);
			name = AppleFrameworks;
			productName = AppleFrameworks;
			productReference = 2CFB00742AEB1F50007517CE /* AppleFrameworks.app */;
			productType = "com.apple.product-type.application";
		};
/* End PBXNativeTarget section */

/* Begin PBXProject section */
		2CFB006C2AEB1F50007517CE /* Project object */ = {
			isa = PBXProject;
			attributes = {
				BuildIndependentTargetsInParallel = 1;
				LastSwiftUpdateCheck = 1500;
				LastUpgradeCheck = 1500;
				TargetAttributes = {
					2CFB00732AEB1F50007517CE = {
						CreatedOnToolsVersion = 15.0;
					};
				};
			};
			buildConfigurationList = 2CFB006F2AEB1F50007517CE /* Build configuration list for PBXProject "AppleFrameworks" */;
			compatibilityVersion = "Xcode 14.0";
			developmentRegion = en;
			hasScannedForEncodings = 0;
			knownRegions = (
				en,
				Base,
			);
			mainGroup = 2CFB006B2AEB1F50007517CE;
			productRefGroup = 2CFB00752AEB1F50007517CE /* Products */;
			projectDirPath = "";
			projectRoot = "";
			targets = (
				2CFB00732AEB1F50007517CE /* AppleFrameworks */,
			);
		};
/* End PBXProject section */

/* Begin PBXResourcesBuildPhase section */
		2CFB00722AEB1F50007517CE /* Resources */ = {
			isa = PBXResourcesBuildPhase;
			buildActionMask = 2147483647;
			files = (
				2CFB007F2AEB1F52007517CE /* Preview Assets.xcassets in Resources */,
				2CFB007C2AEB1F52007517CE /* Assets.xcassets in Resources */,
			);
			runOnlyForDeploymentPostprocessing = 0;
		};
/* End PBXResourcesBuildPhase section */

/* Begin PBXSourcesBuildPhase section */
		2CFB00702AEB1F50007517CE /* Sources */ = {
			isa = PBXSourcesBuildPhase;
			buildActionMask = 2147483647;
			files = (
				2CFB008C2AEB2876007517CE /* FrameworkDetailView.swift in Sources */,
				2CFB008A2AEB2149007517CE /* FrameworkGridView.swift in Sources */,
				2CFB009A2AEB50F3007517CE /* XDismissButton.swift in Sources */,
				2CFB00862AEB1FBB007517CE /* Framework.swift in Sources */,
				2CFB00782AEB1F50007517CE /* AppleFrameworksApp.swift in Sources */,
				2CFB00982AEB4B75007517CE /* SafariView.swift in Sources */,
				2CFB00902AEB3033007517CE /* AFButton.swift in Sources */,
				2CFB00A22AEB574E007517CE /* FrameworkListView.swift in Sources */,
				2CFB00962AEB3622007517CE /* FrameworkGridViewModel.swift in Sources */,
				2CFB008E2AEB28A0007517CE /* FrameworkTitleView.swift in Sources */,
			);
			runOnlyForDeploymentPostprocessing = 0;
		};
/* End PBXSourcesBuildPhase section */

/* Begin XCBuildConfiguration section */
		2CFB00802AEB1F52007517CE /* Debug */ = {
			isa = XCBuildConfiguration;
			buildSettings = {
				ALWAYS_SEARCH_USER_PATHS = NO;
				ASSETCATALOG_COMPILER_GENERATE_SWIFT_ASSET_SYMBOL_EXTENSIONS = YES;
				CLANG_ANALYZER_NONNULL = YES;
				CLANG_ANALYZER_NUMBER_OBJECT_CONVERSION = YES_AGGRESSIVE;
				CLANG_CXX_LANGUAGE_STANDARD = "gnu++20";
				CLANG_ENABLE_MODULES = YES;
				CLANG_ENABLE_OBJC_ARC = YES;
				CLANG_ENABLE_OBJC_WEAK = YES;
				CLANG_WARN_BLOCK_CAPTURE_AUTORELEASING = YES;
				CLANG_WARN_BOOL_CONVERSION = YES;
				CLANG_WARN_COMMA = YES;
				CLANG_WARN_CONSTANT_CONVERSION = YES;
				CLANG_WARN_DEPRECATED_OBJC_IMPLEMENTATIONS = YES;
				CLANG_WARN_DIRECT_OBJC_ISA_USAGE = YES_ERROR;
				CLANG_WARN_DOCUMENTATION_COMMENTS = YES;
				CLANG_WARN_EMPTY_BODY = YES;
				CLANG_WARN_ENUM_CONVERSION = YES;
				CLANG_WARN_INFINITE_RECURSION = YES;
				CLANG_WARN_INT_CONVERSION = YES;
				CLANG_WARN_NON_LITERAL_NULL_CONVERSION = YES;
				CLANG_WARN_OBJC_IMPLICIT_RETAIN_SELF = YES;
				CLANG_WARN_OBJC_LITERAL_CONVERSION = YES;
				CLANG_WARN_OBJC_ROOT_CLASS = YES_ERROR;
				CLANG_WARN_QUOTED_INCLUDE_IN_FRAMEWORK_HEADER = YES;
				CLANG_WARN_RANGE_LOOP_ANALYSIS = YES;
				CLANG_WARN_STRICT_PROTOTYPES = YES;
				CLANG_WARN_SUSPICIOUS_MOVE = YES;
				CLANG_WARN_UNGUARDED_AVAILABILITY = YES_AGGRESSIVE;
				CLANG_WARN_UNREACHABLE_CODE = YES;
				CLANG_WARN__DUPLICATE_METHOD_MATCH = YES;
				COPY_PHASE_STRIP = NO;
				DEBUG_INFORMATION_FORMAT = dwarf;
				ENABLE_STRICT_OBJC_MSGSEND = YES;
				ENABLE_TESTABILITY = YES;
				ENABLE_USER_SCRIPT_SANDBOXING = YES;
				GCC_C_LANGUAGE_STANDARD = gnu17;
				GCC_DYNAMIC_NO_PIC = NO;
				GCC_NO_COMMON_BLOCKS = YES;
				GCC_OPTIMIZATION_LEVEL = 0;
				GCC_PREPROCESSOR_DEFINITIONS = (
					"DEBUG=1",
					"$(inherited)",
				);
				GCC_WARN_64_TO_32_BIT_CONVERSION = YES;
				GCC_WARN_ABOUT_RETURN_TYPE = YES_ERROR;
				GCC_WARN_UNDECLARED_SELECTOR = YES;
				GCC_WARN_UNINITIALIZED_AUTOS = YES_AGGRESSIVE;
				GCC_WARN_UNUSED_FUNCTION = YES;
				GCC_WARN_UNUSED_VARIABLE = YES;
				IPHONEOS_DEPLOYMENT_TARGET = 17.0;
				LOCALIZATION_PREFERS_STRING_CATALOGS = YES;
				MTL_ENABLE_DEBUG_INFO = INCLUDE_SOURCE;
				MTL_FAST_MATH = YES;
				ONLY_ACTIVE_ARCH = YES;
				SDKROOT = iphoneos;
				SWIFT_ACTIVE_COMPILATION_CONDITIONS = "DEBUG $(inherited)";
				SWIFT_OPTIMIZATION_LEVEL = "-Onone";
			};
			name = Debug;
		};
		2CFB00812AEB1F52007517CE /* Release */ = {
			isa = XCBuildConfiguration;
			buildSettings = {
				ALWAYS_SEARCH_USER_PATHS = NO;
				ASSETCATALOG_COMPILER_GENERATE_SWIFT_ASSET_SYMBOL_EXTENSIONS = YES;
				CLANG_ANALYZER_NONNULL = YES;
				CLANG_ANALYZER_NUMBER_OBJECT_CONVERSION = YES_AGGRESSIVE;
				CLANG_CXX_LANGUAGE_STANDARD = "gnu++20";
				CLANG_ENABLE_MODULES = YES;
				CLANG_ENABLE_OBJC_ARC = YES;
				CLANG_ENABLE_OBJC_WEAK = YES;
				CLANG_WARN_BLOCK_CAPTURE_AUTORELEASING = YES;
				CLANG_WARN_BOOL_CONVERSION = YES;
				CLANG_WARN_COMMA = YES;
				CLANG_WARN_CONSTANT_CONVERSION = YES;
				CLANG_WARN_DEPRECATED_OBJC_IMPLEMENTATIONS = YES;
				CLANG_WARN_DIRECT_OBJC_ISA_USAGE = YES_ERROR;
				CLANG_WARN_DOCUMENTATION_COMMENTS = YES;
				CLANG_WARN_EMPTY_BODY = YES;
				CLANG_WARN_ENUM_CONVERSION = YES;
				CLANG_WARN_INFINITE_RECURSION = YES;
				CLANG_WARN_INT_CONVERSION = YES;
				CLANG_WARN_NON_LITERAL_NULL_CONVERSION = YES;
				CLANG_WARN_OBJC_IMPLICIT_RETAIN_SELF = YES;
				CLANG_WARN_OBJC_LITERAL_CONVERSION = YES;
				CLANG_WARN_OBJC_ROOT_CLASS = YES_ERROR;
				CLANG_WARN_QUOTED_INCLUDE_IN_FRAMEWORK_HEADER = YES;
				CLANG_WARN_RANGE_LOOP_ANALYSIS = YES;
				CLANG_WARN_STRICT_PROTOTYPES = YES;
				CLANG_WARN_SUSPICIOUS_MOVE = YES;
				CLANG_WARN_UNGUARDED_AVAILABILITY = YES_AGGRESSIVE;
				CLANG_WARN_UNREACHABLE_CODE = YES;
				CLANG_WARN__DUPLICATE_METHOD_MATCH = YES;
				COPY_PHASE_STRIP = NO;
				DEBUG_INFORMATION_FORMAT = "dwarf-with-dsym";
				ENABLE_NS_ASSERTIONS = NO;
				ENABLE_STRICT_OBJC_MSGSEND = YES;
				ENABLE_USER_SCRIPT_SANDBOXING = YES;
				GCC_C_LANGUAGE_STANDARD = gnu17;
				GCC_NO_COMMON_BLOCKS = YES;
				GCC_WARN_64_TO_32_BIT_CONVERSION = YES;
				GCC_WARN_ABOUT_RETURN_TYPE = YES_ERROR;
				GCC_WARN_UNDECLARED_SELECTOR = YES;
				GCC_WARN_UNINITIALIZED_AUTOS = YES_AGGRESSIVE;
				GCC_WARN_UNUSED_FUNCTION = YES;
				GCC_WARN_UNUSED_VARIABLE = YES;
				IPHONEOS_DEPLOYMENT_TARGET = 17.0;
				LOCALIZATION_PREFERS_STRING_CATALOGS = YES;
				MTL_ENABLE_DEBUG_INFO = NO;
				MTL_FAST_MATH = YES;
				SDKROOT = iphoneos;
				SWIFT_COMPILATION_MODE = wholemodule;
				VALIDATE_PRODUCT = YES;
			};
			name = Release;
		};
		2CFB00832AEB1F52007517CE /* Debug */ = {
			isa = XCBuildConfiguration;
			buildSettings = {
				ASSETCATALOG_COMPILER_APPICON_NAME = AppIcon;
				ASSETCATALOG_COMPILER_GLOBAL_ACCENT_COLOR_NAME = AccentColor;
				CODE_SIGN_STYLE = Automatic;
				CURRENT_PROJECT_VERSION = 1;
				DEVELOPMENT_ASSET_PATHS = "\"AppleFrameworks/Preview Content\"";
				DEVELOPMENT_TEAM = MPC7JG3E93;
				ENABLE_PREVIEWS = YES;
				GENERATE_INFOPLIST_FILE = YES;
				INFOPLIST_KEY_UIApplicationSceneManifest_Generation = YES;
				INFOPLIST_KEY_UIApplicationSupportsIndirectInputEvents = YES;
				INFOPLIST_KEY_UILaunchScreen_Generation = YES;
				INFOPLIST_KEY_UISupportedInterfaceOrientations_iPad = "UIInterfaceOrientationPortrait UIInterfaceOrientationPortraitUpsideDown UIInterfaceOrientationLandscapeLeft UIInterfaceOrientationLandscapeRight";
				INFOPLIST_KEY_UISupportedInterfaceOrientations_iPhone = "UIInterfaceOrientationPortrait UIInterfaceOrientationLandscapeLeft UIInterfaceOrientationLandscapeRight";
				LD_RUNPATH_SEARCH_PATHS = (
					"$(inherited)",
					"@executable_path/Frameworks",
				);
				MARKETING_VERSION = 1.0;
				PRODUCT_BUNDLE_IDENTIFIER = io.jumoke.AppleFrameworks;
				PRODUCT_NAME = "$(TARGET_NAME)";
				SWIFT_EMIT_LOC_STRINGS = YES;
				SWIFT_VERSION = 5.0;
				TARGETED_DEVICE_FAMILY = "1,2";
			};
			name = Debug;
		};
		2CFB00842AEB1F52007517CE /* Release */ = {
			isa = XCBuildConfiguration;
			buildSettings = {
				ASSETCATALOG_COMPILER_APPICON_NAME = AppIcon;
				ASSETCATALOG_COMPILER_GLOBAL_ACCENT_COLOR_NAME = AccentColor;
				CODE_SIGN_STYLE = Automatic;
				CURRENT_PROJECT_VERSION = 1;
				DEVELOPMENT_ASSET_PATHS = "\"AppleFrameworks/Preview Content\"";
				DEVELOPMENT_TEAM = MPC7JG3E93;
				ENABLE_PREVIEWS = YES;
				GENERATE_INFOPLIST_FILE = YES;
				INFOPLIST_KEY_UIApplicationSceneManifest_Generation = YES;
				INFOPLIST_KEY_UIApplicationSupportsIndirectInputEvents = YES;
				INFOPLIST_KEY_UILaunchScreen_Generation = YES;
				INFOPLIST_KEY_UISupportedInterfaceOrientations_iPad = "UIInterfaceOrientationPortrait UIInterfaceOrientationPortraitUpsideDown UIInterfaceOrientationLandscapeLeft UIInterfaceOrientationLandscapeRight";
				INFOPLIST_KEY_UISupportedInterfaceOrientations_iPhone = "UIInterfaceOrientationPortrait UIInterfaceOrientationLandscapeLeft UIInterfaceOrientationLandscapeRight";
				LD_RUNPATH_SEARCH_PATHS = (
					"$(inherited)",
					"@executable_path/Frameworks",
				);
				MARKETING_VERSION = 1.0;
				PRODUCT_BUNDLE_IDENTIFIER = io.jumoke.AppleFrameworks;
				PRODUCT_NAME = "$(TARGET_NAME)";
				SWIFT_EMIT_LOC_STRINGS = YES;
				SWIFT_VERSION = 5.0;
				TARGETED_DEVICE_FAMILY = "1,2";
			};
			name = Release;
		};
/* End XCBuildConfiguration section */

/* Begin XCConfigurationList section */
		2CFB006F2AEB1F50007517CE /* Build configuration list for PBXProject "AppleFrameworks" */ = {
			isa = XCConfigurationList;
			buildConfigurations = (
				2CFB00802AEB1F52007517CE /* Debug */,
				2CFB00812AEB1F52007517CE /* Release */,
			);
			defaultConfigurationIsVisible = 0;
			defaultConfigurationName = Release;
		};
		2CFB00822AEB1F52007517CE /* Build configuration list for PBXNativeTarget "AppleFrameworks" */ = {
			isa = XCConfigurationList;
			buildConfigurations = (
				2CFB00832AEB1F52007517CE /* Debug */,
				2CFB00842AEB1F52007517CE /* Release */,
			);
			defaultConfigurationIsVisible = 0;
			defaultConfigurationName = Release;
		};
/* End XCConfigurationList section */
	};
	rootObject = 2CFB006C2AEB1F50007517CE /* Project object */;
}
